
Microsoft Visual Studio Solution File, Format Version 12.00
# Visual Studio Version 17
VisualStudioVersion = 17.11.35327.3
MinimumVisualStudioVersion = 10.0.40219.1
Project("{FAE04EC0-301F-11D3-BF4B-00C04F79EFBC}") = "PRUEBA 3", "PRUEBA 3\PRUEBA 3.csproj", "{8321AC27-DF2B-4716-BE28-CA4EFCF1A57E}"
EndProject
Global
	GlobalSection(SolutionConfigurationPlatforms) = preSolution
		Debug|Any CPU = Debug|Any CPU
		Release|Any CPU = Release|Any CPU
	EndGlobalSection
	GlobalSection(ProjectConfigurationPlatforms) = postSolution
		{8321AC27-DF2B-4716-BE28-CA4EFCF1A57E}.Debug|Any CPU.ActiveCfg = Debug|Any CPU
		{8321AC27-DF2B-4716-BE28-CA4EFCF1A57E}.Debug|Any CPU.Build.0 = Debug|Any CPU
		{8321AC27-DF2B-4716-BE28-CA4EFCF1A57E}.Release|Any CPU.ActiveCfg = Release|Any CPU
		{8321AC27-DF2B-4716-BE28-CA4EFCF1A57E}.Release|Any CPU.Build.0 = Release|Any CPU
	EndGlobalSection
	GlobalSection(SolutionProperties) = preSolution
		HideSolutionNode = FALSE
	EndGlobalSection
	GlobalSection(ExtensibilityGlobals) = postSolution
		SolutionGuid = {27CB6CEB-8ED6-4B7D-B4E5-FCA2D67B4247}
	EndGlobalSection
EndGlobal
